
Microsoft Visual Studio Solution File, Format Version 12.00
# Visual Studio Version 16
VisualStudioVersion = 16.0.30011.22
MinimumVisualStudioVersion = 10.0.40219.1
Project("{FAE04EC0-301F-11D3-BF4B-00C04F79EFBC}") = "PRTHandler", "PRTHandler.csproj", "{94BB1585-52C3-4C62-B027-FA0524313E17}"
EndProject
Global
	GlobalSection(SolutionConfigurationPlatforms) = preSolution
		Debug|x64 = Debug|x64
		Release|x64 = Release|x64
	EndGlobalSection
	GlobalSection(ProjectConfigurationPlatforms) = postSolution
		{94BB1585-52C3-4C62-B027-FA0524313E17}.Debug|x64.ActiveCfg = Debug|x64
		{94BB1585-52C3-4C62-B027-FA0524313E17}.Debug|x64.Build.0 = Debug|x64
		{94BB1585-52C3-4C62-B027-FA0524313E17}.Release|x64.ActiveCfg = Release|x64
		{94BB1585-52C3-4C62-B027-FA0524313E17}.Release|x64.Build.0 = Release|x64
	EndGlobalSection
	GlobalSection(SolutionProperties) = preSolution
		HideSolutionNode = FALSE
	EndGlobalSection
	GlobalSection(ExtensibilityGlobals) = postSolution
		SolutionGuid = {66DF70E3-EF53-46C4-B133-C36EF4F7021D}
	EndGlobalSection
EndGlobal
